
Microsoft Visual Studio Solution File, Format Version 12.00
# Visual Studio Version 16
VisualStudioVersion = 16.0.29709.97
MinimumVisualStudioVersion = 10.0.40219.1
Project("{FAE04EC0-301F-11D3-BF4B-00C04F79EFBC}") = "InsertionSort", "InsertionSort\InsertionSort.csproj", "{79EF325D-DC02-45C9-9881-30D80D11C8F4}"
EndProject
Global
	GlobalSection(SolutionConfigurationPlatforms) = preSolution
		Debug|Any CPU = Debug|Any CPU
		Release|Any CPU = Release|Any CPU
	EndGlobalSection
	GlobalSection(ProjectConfigurationPlatforms) = postSolution
		{79EF325D-DC02-45C9-9881-30D80D11C8F4}.Debug|Any CPU.ActiveCfg = Debug|Any CPU
		{79EF325D-DC02-45C9-9881-30D80D11C8F4}.Debug|Any CPU.Build.0 = Debug|Any CPU
		{79EF325D-DC02-45C9-9881-30D80D11C8F4}.Release|Any CPU.ActiveCfg = Release|Any CPU
		{79EF325D-DC02-45C9-9881-30D80D11C8F4}.Release|Any CPU.Build.0 = Release|Any CPU
	EndGlobalSection
	GlobalSection(SolutionProperties) = preSolution
		HideSolutionNode = FALSE
	EndGlobalSection
	GlobalSection(ExtensibilityGlobals) = postSolution
		SolutionGuid = {CED5804B-3E37-4D5E-9C26-05A2E603CCE3}
	EndGlobalSection
EndGlobal
